// !$*UTF8*$!
{
	archiveVersion = 1;
	classes = {
	};
	objectVersion = 56;
	objects = {

/* Begin PBXBuildFile section */
		010000000000000000000001 /* ConceptualFitnessApp.swift in Sources */ = {isa = PBXBuildFile; fileRef = 020000000000000000000001 /* ConceptualFitnessApp.swift */; };
		010000000000000000000002 /* AppRoute.swift in Sources */ = {isa = PBXBuildFile; fileRef = 020000000000000000000002 /* AppRoute.swift */; };
		010000000000000000000003 /* AppShellView.swift in Sources */ = {isa = PBXBuildFile; fileRef = 020000000000000000000003 /* AppShellView.swift */; };
		010000000000000000000004 /* PlaceholderViews.swift in Sources */ = {isa = PBXBuildFile; fileRef = 020000000000000000000004 /* PlaceholderViews.swift */; };
		010000000000000000000005 /* GlassPanel.swift in Sources */ = {isa = PBXBuildFile; fileRef = 020000000000000000000005 /* GlassPanel.swift */; };
		010000000000000000000006 /* Formatters.swift in Sources */ = {isa = PBXBuildFile; fileRef = 020000000000000000000006 /* Formatters.swift */; };
		010000000000000000000007 /* DashboardModels.swift in Sources */ = {isa = PBXBuildFile; fileRef = 020000000000000000000007 /* DashboardModels.swift */; };
		010000000000000000000008 /* DashboardAPIClient.swift in Sources */ = {isa = PBXBuildFile; fileRef = 020000000000000000000008 /* DashboardAPIClient.swift */; };
		010000000000000000000009 /* DailyInsightProvider.swift in Sources */ = {isa = PBXBuildFile; fileRef = 020000000000000000000009 /* DailyInsightProvider.swift */; };
		01000000000000000000000A /* DashboardView.swift in Sources */ = {isa = PBXBuildFile; fileRef = 02000000000000000000000A /* DashboardView.swift */; };
		01000000000000000000000B /* DashboardComponents.swift in Sources */ = {isa = PBXBuildFile; fileRef = 02000000000000000000000B /* DashboardComponents.swift */; };
		01000000000000000000000C /* WeatherModels.swift in Sources */ = {isa = PBXBuildFile; fileRef = 02000000000000000000000C /* WeatherModels.swift */; };
		01000000000000000000000D /* LocationProvider.swift in Sources */ = {isa = PBXBuildFile; fileRef = 02000000000000000000000D /* LocationProvider.swift */; };
		01000000000000000000000E /* WeatherProvider.swift in Sources */ = {isa = PBXBuildFile; fileRef = 02000000000000000000000E /* WeatherProvider.swift */; };
		01000000000000000000000F /* WeatherBackgroundView.swift in Sources */ = {isa = PBXBuildFile; fileRef = 02000000000000000000000F /* WeatherBackgroundView.swift */; };
		010000000000000000000010 /* WeatherKit.framework in Frameworks */ = {isa = PBXBuildFile; fileRef = 020000000000000000000010 /* WeatherKit.framework */; };
		010000000000000000000011 /* CoreLocation.framework in Frameworks */ = {isa = PBXBuildFile; fileRef = 020000000000000000000011 /* CoreLocation.framework */; };
		010000000000000000000012 /* FoundationModels.framework in Frameworks */ = {isa = PBXBuildFile; fileRef = 020000000000000000000015 /* FoundationModels.framework */; };
		010000000000000000000013 /* Auth.swift in Sources */ = {isa = PBXBuildFile; fileRef = 020000000000000000000016 /* Auth.swift */; };
		010000000000000000000014 /* OnboardingView.swift in Sources */ = {isa = PBXBuildFile; fileRef = 020000000000000000000017 /* OnboardingView.swift */; };
		010000000000000000000015 /* StrainDetailView.swift in Sources */ = {isa = PBXBuildFile; fileRef = 020000000000000000000018 /* StrainDetailView.swift */; };
		010000000000000000000016 /* ReadinessDetailView.swift in Sources */ = {isa = PBXBuildFile; fileRef = 020000000000000000000019 /* ReadinessDetailView.swift */; };
		010000000000000000000017 /* ScoreRangeSelector.swift in Sources */ = {isa = PBXBuildFile; fileRef = 02000000000000000000001A /* ScoreRangeSelector.swift */; };
		010000000000000000000018 /* SleepDetailView.swift in Sources */ = {isa = PBXBuildFile; fileRef = 02000000000000000000001B /* SleepDetailView.swift */; };
		010000000000000000000019 /* WorkoutDetailView.swift in Sources */ = {isa = PBXBuildFile; fileRef = 02000000000000000000001C /* WorkoutDetailView.swift */; };
/* End PBXBuildFile section */

/* Begin PBXFileReference section */
		020000000000000000000001 /* ConceptualFitnessApp.swift */ = {isa = PBXFileReference; lastKnownFileType = sourcecode.swift; path = ConceptualFitnessApp.swift; sourceTree = "<group>"; };
		020000000000000000000002 /* AppRoute.swift */ = {isa = PBXFileReference; lastKnownFileType = sourcecode.swift; path = AppRoute.swift; sourceTree = "<group>"; };
		020000000000000000000003 /* AppShellView.swift */ = {isa = PBXFileReference; lastKnownFileType = sourcecode.swift; path = AppShellView.swift; sourceTree = "<group>"; };
		020000000000000000000004 /* PlaceholderViews.swift */ = {isa = PBXFileReference; lastKnownFileType = sourcecode.swift; path = PlaceholderViews.swift; sourceTree = "<group>"; };
		020000000000000000000005 /* GlassPanel.swift */ = {isa = PBXFileReference; lastKnownFileType = sourcecode.swift; path = GlassPanel.swift; sourceTree = "<group>"; };
		020000000000000000000006 /* Formatters.swift */ = {isa = PBXFileReference; lastKnownFileType = sourcecode.swift; path = Formatters.swift; sourceTree = "<group>"; };
		020000000000000000000007 /* DashboardModels.swift */ = {isa = PBXFileReference; lastKnownFileType = sourcecode.swift; path = DashboardModels.swift; sourceTree = "<group>"; };
		020000000000000000000008 /* DashboardAPIClient.swift */ = {isa = PBXFileReference; lastKnownFileType = sourcecode.swift; path = DashboardAPIClient.swift; sourceTree = "<group>"; };
		020000000000000000000009 /* DailyInsightProvider.swift */ = {isa = PBXFileReference; lastKnownFileType = sourcecode.swift; path = DailyInsightProvider.swift; sourceTree = "<group>"; };
		02000000000000000000000A /* DashboardView.swift */ = {isa = PBXFileReference; lastKnownFileType = sourcecode.swift; path = DashboardView.swift; sourceTree = "<group>"; };
		02000000000000000000000B /* DashboardComponents.swift */ = {isa = PBXFileReference; lastKnownFileType = sourcecode.swift; path = DashboardComponents.swift; sourceTree = "<group>"; };
		02000000000000000000000C /* WeatherModels.swift */ = {isa = PBXFileReference; lastKnownFileType = sourcecode.swift; path = WeatherModels.swift; sourceTree = "<group>"; };
		02000000000000000000000D /* LocationProvider.swift */ = {isa = PBXFileReference; lastKnownFileType = sourcecode.swift; path = LocationProvider.swift; sourceTree = "<group>"; };
		02000000000000000000000E /* WeatherProvider.swift */ = {isa = PBXFileReference; lastKnownFileType = sourcecode.swift; path = WeatherProvider.swift; sourceTree = "<group>"; };
		02000000000000000000000F /* WeatherBackgroundView.swift */ = {isa = PBXFileReference; lastKnownFileType = sourcecode.swift; path = WeatherBackgroundView.swift; sourceTree = "<group>"; };
		020000000000000000000010 /* WeatherKit.framework */ = {isa = PBXFileReference; lastKnownFileType = wrapper.framework; name = WeatherKit.framework; path = System/Library/Frameworks/WeatherKit.framework; sourceTree = SDKROOT; };
		020000000000000000000011 /* CoreLocation.framework */ = {isa = PBXFileReference; lastKnownFileType = wrapper.framework; name = CoreLocation.framework; path = System/Library/Frameworks/CoreLocation.framework; sourceTree = SDKROOT; };
		020000000000000000000012 /* Info.plist */ = {isa = PBXFileReference; lastKnownFileType = text.plist.xml; path = Info.plist; sourceTree = "<group>"; };
		020000000000000000000013 /* ConceptualFitness.entitlements */ = {isa = PBXFileReference; lastKnownFileType = text.plist.entitlements; path = ConceptualFitness.entitlements; sourceTree = "<group>"; };
		020000000000000000000014 /* ConceptualFitness.app */ = {isa = PBXFileReference; explicitFileType = wrapper.application; includeInIndex = 0; path = ConceptualFitness.app; sourceTree = BUILT_PRODUCTS_DIR; };
		020000000000000000000015 /* FoundationModels.framework */ = {isa = PBXFileReference; lastKnownFileType = wrapper.framework; name = FoundationModels.framework; path = System/Library/Frameworks/FoundationModels.framework; sourceTree = SDKROOT; };
		020000000000000000000016 /* Auth.swift */ = {isa = PBXFileReference; lastKnownFileType = sourcecode.swift; path = Auth.swift; sourceTree = "<group>"; };
		020000000000000000000017 /* OnboardingView.swift */ = {isa = PBXFileReference; lastKnownFileType = sourcecode.swift; path = OnboardingView.swift; sourceTree = "<group>"; };
		020000000000000000000018 /* StrainDetailView.swift */ = {isa = PBXFileReference; lastKnownFileType = sourcecode.swift; path = StrainDetailView.swift; sourceTree = "<group>"; };
		020000000000000000000019 /* ReadinessDetailView.swift */ = {isa = PBXFileReference; lastKnownFileType = sourcecode.swift; path = ReadinessDetailView.swift; sourceTree = "<group>"; };
		02000000000000000000001A /* ScoreRangeSelector.swift */ = {isa = PBXFileReference; lastKnownFileType = sourcecode.swift; path = ScoreRangeSelector.swift; sourceTree = "<group>"; };
		02000000000000000000001B /* SleepDetailView.swift */ = {isa = PBXFileReference; lastKnownFileType = sourcecode.swift; path = SleepDetailView.swift; sourceTree = "<group>"; };
		02000000000000000000001C /* WorkoutDetailView.swift */ = {isa = PBXFileReference; lastKnownFileType = sourcecode.swift; path = WorkoutDetailView.swift; sourceTree = "<group>"; };
/* End PBXFileReference section */

/* Begin PBXFrameworksBuildPhase section */
		030000000000000000000001 /* Frameworks */ = {
			isa = PBXFrameworksBuildPhase;
			buildActionMask = 2147483647;
			files = (
				010000000000000000000010 /* WeatherKit.framework in Frameworks */,
				010000000000000000000011 /* CoreLocation.framework in Frameworks */,
				010000000000000000000012 /* FoundationModels.framework in Frameworks */,
			);
			runOnlyForDeploymentPostprocessing = 0;
		};
/* End PBXFrameworksBuildPhase section */

/* Begin PBXGroup section */
		040000000000000000000001 = {
			isa = PBXGroup;
			children = (
				040000000000000000000002 /* ConceptualFitness */,
				040000000000000000000008 /* Frameworks */,
				040000000000000000000009 /* Products */,
			);
			sourceTree = "<group>";
		};
		040000000000000000000002 /* ConceptualFitness */ = {
			isa = PBXGroup;
			children = (
				020000000000000000000001 /* ConceptualFitnessApp.swift */,
				020000000000000000000012 /* Info.plist */,
				020000000000000000000013 /* ConceptualFitness.entitlements */,
				040000000000000000000003 /* App */,
				040000000000000000000004 /* Dashboard */,
				040000000000000000000005 /* Weather */,
				040000000000000000000006 /* Shared */,
				040000000000000000000007 /* Placeholders */,
			);
			path = ConceptualFitness;
			sourceTree = "<group>";
		};
		040000000000000000000003 /* App */ = {
			isa = PBXGroup;
			children = (
				020000000000000000000002 /* AppRoute.swift */,
				020000000000000000000003 /* AppShellView.swift */,
				020000000000000000000016 /* Auth.swift */,
				020000000000000000000017 /* OnboardingView.swift */,
			);
			path = App;
			sourceTree = "<group>";
		};
		040000000000000000000004 /* Dashboard */ = {
			isa = PBXGroup;
			children = (
				020000000000000000000007 /* DashboardModels.swift */,
				020000000000000000000008 /* DashboardAPIClient.swift */,
				020000000000000000000009 /* DailyInsightProvider.swift */,
				02000000000000000000000A /* DashboardView.swift */,
				02000000000000000000000B /* DashboardComponents.swift */,
				020000000000000000000018 /* StrainDetailView.swift */,
				020000000000000000000019 /* ReadinessDetailView.swift */,
				02000000000000000000001B /* SleepDetailView.swift */,
				02000000000000000000001C /* WorkoutDetailView.swift */,
			);
			path = Dashboard;
			sourceTree = "<group>";
		};
		040000000000000000000005 /* Weather */ = {
			isa = PBXGroup;
			children = (
				02000000000000000000000C /* WeatherModels.swift */,
				02000000000000000000000D /* LocationProvider.swift */,
				02000000000000000000000E /* WeatherProvider.swift */,
				02000000000000000000000F /* WeatherBackgroundView.swift */,
			);
			path = Weather;
			sourceTree = "<group>";
		};
		040000000000000000000006 /* Shared */ = {
			isa = PBXGroup;
			children = (
				020000000000000000000005 /* GlassPanel.swift */,
				020000000000000000000006 /* Formatters.swift */,
				02000000000000000000001A /* ScoreRangeSelector.swift */,
			);
			path = Shared;
			sourceTree = "<group>";
		};
		040000000000000000000007 /* Placeholders */ = {
			isa = PBXGroup;
			children = (
				020000000000000000000004 /* PlaceholderViews.swift */,
			);
			path = Placeholders;
			sourceTree = "<group>";
		};
		040000000000000000000008 /* Frameworks */ = {
			isa = PBXGroup;
			children = (
				020000000000000000000010 /* WeatherKit.framework */,
				020000000000000000000011 /* CoreLocation.framework */,
				020000000000000000000015 /* FoundationModels.framework */,
			);
			name = Frameworks;
			sourceTree = "<group>";
		};
		040000000000000000000009 /* Products */ = {
			isa = PBXGroup;
			children = (
				020000000000000000000014 /* ConceptualFitness.app */,
			);
			name = Products;
			sourceTree = "<group>";
		};
/* End PBXGroup section */

/* Begin PBXNativeTarget section */
		050000000000000000000001 /* ConceptualFitness */ = {
			isa = PBXNativeTarget;
			buildConfigurationList = 090000000000000000000003 /* Build configuration list for PBXNativeTarget "ConceptualFitness" */;
			buildPhases = (
				070000000000000000000001 /* Sources */,
				030000000000000000000001 /* Frameworks */,
				080000000000000000000001 /* Resources */,
			);
			buildRules = (
			);
			dependencies = (
			);
			name = ConceptualFitness;
			productName = ConceptualFitness;
			productReference = 020000000000000000000014 /* ConceptualFitness.app */;
			productType = "com.apple.product-type.application";
		};
/* End PBXNativeTarget section */

/* Begin PBXProject section */
		060000000000000000000001 /* Project object */ = {
			isa = PBXProject;
			attributes = {
				BuildIndependentTargetsInParallel = 1;
				LastSwiftUpdateCheck = 2650;
				LastUpgradeCheck = 2650;
				TargetAttributes = {
					050000000000000000000001 = {
						CreatedOnToolsVersion = 26.5;
					};
				};
			};
			buildConfigurationList = 090000000000000000000001 /* Build configuration list for PBXProject "ConceptualFitness" */;
			compatibilityVersion = "Xcode 14.0";
			developmentRegion = en;
			hasScannedForEncodings = 0;
			knownRegions = (
				en,
				Base,
			);
			mainGroup = 040000000000000000000001;
			productRefGroup = 040000000000000000000009 /* Products */;
			projectDirPath = "";
			projectRoot = "";
			targets = (
				050000000000000000000001 /* ConceptualFitness */,
			);
		};
/* End PBXProject section */

/* Begin PBXResourcesBuildPhase section */
		080000000000000000000001 /* Resources */ = {
			isa = PBXResourcesBuildPhase;
			buildActionMask = 2147483647;
			files = (
			);
			runOnlyForDeploymentPostprocessing = 0;
		};
/* End PBXResourcesBuildPhase section */

/* Begin PBXSourcesBuildPhase section */
		070000000000000000000001 /* Sources */ = {
			isa = PBXSourcesBuildPhase;
			buildActionMask = 2147483647;
			files = (
				010000000000000000000001 /* ConceptualFitnessApp.swift in Sources */,
				010000000000000000000002 /* AppRoute.swift in Sources */,
				010000000000000000000003 /* AppShellView.swift in Sources */,
				010000000000000000000004 /* PlaceholderViews.swift in Sources */,
				010000000000000000000005 /* GlassPanel.swift in Sources */,
				010000000000000000000006 /* Formatters.swift in Sources */,
				010000000000000000000007 /* DashboardModels.swift in Sources */,
				010000000000000000000008 /* DashboardAPIClient.swift in Sources */,
				010000000000000000000009 /* DailyInsightProvider.swift in Sources */,
				01000000000000000000000A /* DashboardView.swift in Sources */,
				01000000000000000000000B /* DashboardComponents.swift in Sources */,
				01000000000000000000000C /* WeatherModels.swift in Sources */,
				01000000000000000000000D /* LocationProvider.swift in Sources */,
				01000000000000000000000E /* WeatherProvider.swift in Sources */,
				01000000000000000000000F /* WeatherBackgroundView.swift in Sources */,
				010000000000000000000013 /* Auth.swift in Sources */,
				010000000000000000000014 /* OnboardingView.swift in Sources */,
				010000000000000000000015 /* StrainDetailView.swift in Sources */,
				010000000000000000000016 /* ReadinessDetailView.swift in Sources */,
				010000000000000000000017 /* ScoreRangeSelector.swift in Sources */,
				010000000000000000000018 /* SleepDetailView.swift in Sources */,
				010000000000000000000019 /* WorkoutDetailView.swift in Sources */,
			);
			runOnlyForDeploymentPostprocessing = 0;
		};
/* End PBXSourcesBuildPhase section */

/* Begin XCBuildConfiguration section */
		090000000000000000000004 /* Debug */ = {
			isa = XCBuildConfiguration;
			buildSettings = {
				ALWAYS_SEARCH_USER_PATHS = NO;
				CLANG_ANALYZER_NONNULL = YES;
				CLANG_ANALYZER_NUMBER_OBJECT_CONVERSION = YES_AGGRESSIVE;
				CLANG_CXX_LANGUAGE_STANDARD = "gnu++20";
				CLANG_ENABLE_MODULES = YES;
				CLANG_ENABLE_OBJC_ARC = YES;
				CLANG_ENABLE_OBJC_WEAK = YES;
				CLANG_WARN_BLOCK_CAPTURE_AUTORELEASING = YES;
				CLANG_WARN_BOOL_CONVERSION = YES;
				CLANG_WARN_COMMA = YES;
				CLANG_WARN_CONSTANT_CONVERSION = YES;
				CLANG_WARN_DEPRECATED_OBJC_IMPLEMENTATIONS = YES;
				CLANG_WARN_DIRECT_OBJC_ISA_USAGE = YES_ERROR;
				CLANG_WARN_DOCUMENTATION_COMMENTS = YES;
				CLANG_WARN_EMPTY_BODY = YES;
				CLANG_WARN_ENUM_CONVERSION = YES;
				CLANG_WARN_INFINITE_RECURSION = YES;
				CLANG_WARN_INT_CONVERSION = YES;
				CLANG_WARN_NON_LITERAL_NULL_CONVERSION = YES;
				CLANG_WARN_OBJC_IMPLICIT_RETAIN_SELF = YES;
				CLANG_WARN_OBJC_LITERAL_CONVERSION = YES;
				CLANG_WARN_OBJC_ROOT_CLASS = YES_ERROR;
				CLANG_WARN_QUOTED_INCLUDE_IN_FRAMEWORK_HEADER = YES;
				CLANG_WARN_RANGE_LOOP_ANALYSIS = YES;
				CLANG_WARN_STRICT_PROTOTYPES = YES;
				CLANG_WARN_SUSPICIOUS_MOVE = YES;
				CLANG_WARN_UNGUARDED_AVAILABILITY = YES_AGGRESSIVE;
				CLANG_WARN_UNREACHABLE_CODE = YES;
				CLANG_WARN__DUPLICATE_METHOD_MATCH = YES;
				COPY_PHASE_STRIP = NO;
				DEBUG_INFORMATION_FORMAT = dwarf;
				ENABLE_STRICT_OBJC_MSGSEND = YES;
				ENABLE_TESTABILITY = YES;
				ENABLE_USER_SCRIPT_SANDBOXING = YES;
				GCC_C_LANGUAGE_STANDARD = gnu17;
				GCC_DYNAMIC_NO_PIC = NO;
				GCC_NO_COMMON_BLOCKS = YES;
				GCC_OPTIMIZATION_LEVEL = 0;
				GCC_PREPROCESSOR_DEFINITIONS = (
					"DEBUG=1",
					"$(inherited)",
				);
				GCC_WARN_64_TO_32_BIT_CONVERSION = YES;
				GCC_WARN_ABOUT_RETURN_TYPE = YES_ERROR;
				GCC_WARN_UNDECLARED_SELECTOR = YES;
				GCC_WARN_UNINITIALIZED_AUTOS = YES_AGGRESSIVE;
				GCC_WARN_UNUSED_FUNCTION = YES;
				GCC_WARN_UNUSED_VARIABLE = YES;
				IPHONEOS_DEPLOYMENT_TARGET = 18.0;
				MTL_ENABLE_DEBUG_INFO = INCLUDE_SOURCE;
				MTL_FAST_MATH = YES;
				ONLY_ACTIVE_ARCH = YES;
				SDKROOT = iphoneos;
				SWIFT_ACTIVE_COMPILATION_CONDITIONS = DEBUG;
				SWIFT_OPTIMIZATION_LEVEL = "-Onone";
			};
			name = Debug;
		};
		090000000000000000000005 /* Release */ = {
			isa = XCBuildConfiguration;
			buildSettings = {
				ALWAYS_SEARCH_USER_PATHS = NO;
				CLANG_ANALYZER_NONNULL = YES;
				CLANG_ANALYZER_NUMBER_OBJECT_CONVERSION = YES_AGGRESSIVE;
				CLANG_CXX_LANGUAGE_STANDARD = "gnu++20";
				CLANG_ENABLE_MODULES = YES;
				CLANG_ENABLE_OBJC_ARC = YES;
				CLANG_ENABLE_OBJC_WEAK = YES;
				CLANG_WARN_BLOCK_CAPTURE_AUTORELEASING = YES;
				CLANG_WARN_BOOL_CONVERSION = YES;
				CLANG_WARN_COMMA = YES;
				CLANG_WARN_CONSTANT_CONVERSION = YES;
				CLANG_WARN_DEPRECATED_OBJC_IMPLEMENTATIONS = YES;
				CLANG_WARN_DIRECT_OBJC_ISA_USAGE = YES_ERROR;
				CLANG_WARN_DOCUMENTATION_COMMENTS = YES;
				CLANG_WARN_EMPTY_BODY = YES;
				CLANG_WARN_ENUM_CONVERSION = YES;
				CLANG_WARN_INFINITE_RECURSION = YES;
				CLANG_WARN_INT_CONVERSION = YES;
				CLANG_WARN_NON_LITERAL_NULL_CONVERSION = YES;
				CLANG_WARN_OBJC_IMPLICIT_RETAIN_SELF = YES;
				CLANG_WARN_OBJC_LITERAL_CONVERSION = YES;
				CLANG_WARN_OBJC_ROOT_CLASS = YES_ERROR;
				CLANG_WARN_QUOTED_INCLUDE_IN_FRAMEWORK_HEADER = YES;
				CLANG_WARN_RANGE_LOOP_ANALYSIS = YES;
				CLANG_WARN_STRICT_PROTOTYPES = YES;
				CLANG_WARN_SUSPICIOUS_MOVE = YES;
				CLANG_WARN_UNGUARDED_AVAILABILITY = YES_AGGRESSIVE;
				CLANG_WARN_UNREACHABLE_CODE = YES;
				CLANG_WARN__DUPLICATE_METHOD_MATCH = YES;
				COPY_PHASE_STRIP = NO;
				DEBUG_INFORMATION_FORMAT = "dwarf-with-dsym";
				ENABLE_NS_ASSERTIONS = NO;
				ENABLE_STRICT_OBJC_MSGSEND = YES;
				ENABLE_USER_SCRIPT_SANDBOXING = YES;
				GCC_C_LANGUAGE_STANDARD = gnu17;
				GCC_NO_COMMON_BLOCKS = YES;
				GCC_WARN_64_TO_32_BIT_CONVERSION = YES;
				GCC_WARN_ABOUT_RETURN_TYPE = YES_ERROR;
				GCC_WARN_UNDECLARED_SELECTOR = YES;
				GCC_WARN_UNINITIALIZED_AUTOS = YES_AGGRESSIVE;
				GCC_WARN_UNUSED_FUNCTION = YES;
				GCC_WARN_UNUSED_VARIABLE = YES;
				IPHONEOS_DEPLOYMENT_TARGET = 18.0;
				MTL_ENABLE_DEBUG_INFO = NO;
				MTL_FAST_MATH = YES;
				SDKROOT = iphoneos;
				SWIFT_COMPILATION_MODE = wholemodule;
				VALIDATE_PRODUCT = YES;
			};
			name = Release;
		};
		090000000000000000000006 /* Debug */ = {
			isa = XCBuildConfiguration;
			buildSettings = {
				ASSETCATALOG_COMPILER_GLOBAL_ACCENT_COLOR_NAME = AccentColor;
				CODE_SIGN_ENTITLEMENTS = ConceptualFitness/ConceptualFitness.entitlements;
				CODE_SIGN_STYLE = Automatic;
				CURRENT_PROJECT_VERSION = 1;
				DEVELOPMENT_ASSET_PATHS = "\"ConceptualFitness/Preview Content\"";
				ENABLE_PREVIEWS = YES;
				GENERATE_INFOPLIST_FILE = NO;
				INFOPLIST_FILE = ConceptualFitness/Info.plist;
				IPHONEOS_DEPLOYMENT_TARGET = 18.0;
				LD_RUNPATH_SEARCH_PATHS = (
					"$(inherited)",
					"@executable_path/Frameworks",
				);
				MARKETING_VERSION = 1.0;
				PRODUCT_BUNDLE_IDENTIFIER = com.aryan.conceptualfitness;
				PRODUCT_NAME = "$(TARGET_NAME)";
				SUPPORTED_PLATFORMS = "iphoneos iphonesimulator";
				SUPPORTS_MACCATALYST = NO;
				SUPPORTS_MAC_DESIGNED_FOR_IPHONE_IPAD = NO;
				SWIFT_EMIT_LOC_STRINGS = YES;
				SWIFT_VERSION = 5.0;
				TARGETED_DEVICE_FAMILY = 1;
			};
			name = Debug;
		};
		090000000000000000000007 /* Release */ = {
			isa = XCBuildConfiguration;
			buildSettings = {
				ASSETCATALOG_COMPILER_GLOBAL_ACCENT_COLOR_NAME = AccentColor;
				CODE_SIGN_ENTITLEMENTS = ConceptualFitness/ConceptualFitness.entitlements;
				CODE_SIGN_STYLE = Automatic;
				CURRENT_PROJECT_VERSION = 1;
				DEVELOPMENT_ASSET_PATHS = "\"ConceptualFitness/Preview Content\"";
				ENABLE_PREVIEWS = YES;
				GENERATE_INFOPLIST_FILE = NO;
				INFOPLIST_FILE = ConceptualFitness/Info.plist;
				IPHONEOS_DEPLOYMENT_TARGET = 18.0;
				LD_RUNPATH_SEARCH_PATHS = (
					"$(inherited)",
					"@executable_path/Frameworks",
				);
				MARKETING_VERSION = 1.0;
				PRODUCT_BUNDLE_IDENTIFIER = com.aryan.conceptualfitness;
				PRODUCT_NAME = "$(TARGET_NAME)";
				SUPPORTED_PLATFORMS = "iphoneos iphonesimulator";
				SUPPORTS_MACCATALYST = NO;
				SUPPORTS_MAC_DESIGNED_FOR_IPHONE_IPAD = NO;
				SWIFT_EMIT_LOC_STRINGS = YES;
				SWIFT_VERSION = 5.0;
				TARGETED_DEVICE_FAMILY = 1;
			};
			name = Release;
		};
/* End XCBuildConfiguration section */

/* Begin XCConfigurationList section */
		090000000000000000000001 /* Build configuration list for PBXProject "ConceptualFitness" */ = {
			isa = XCConfigurationList;
			buildConfigurations = (
				090000000000000000000004 /* Debug */,
				090000000000000000000005 /* Release */,
			);
			defaultConfigurationIsVisible = 0;
			defaultConfigurationName = Release;
		};
		090000000000000000000003 /* Build configuration list for PBXNativeTarget "ConceptualFitness" */ = {
			isa = XCConfigurationList;
			buildConfigurations = (
				090000000000000000000006 /* Debug */,
				090000000000000000000007 /* Release */,
			);
			defaultConfigurationIsVisible = 0;
			defaultConfigurationName = Release;
		};
/* End XCConfigurationList section */
	};
	rootObject = 060000000000000000000001 /* Project object */;
}
